// !$*UTF8*$!
{
	archiveVersion = 1;
	classes = {
	};
	objectVersion = 50;
	objects = {

/* Begin PBXBuildFile section */
		930663122510F077003F9653 /* AppDelegate.swift in Sources */ = {isa = PBXBuildFile; fileRef = 930663112510F077003F9653 /* AppDelegate.swift */; };
		930663142510F077003F9653 /* SceneDelegate.swift in Sources */ = {isa = PBXBuildFile; fileRef = 930663132510F077003F9653 /* SceneDelegate.swift */; };
		930663162510F077003F9653 /* ContentView.swift in Sources */ = {isa = PBXBuildFile; fileRef = 930663152510F077003F9653 /* ContentView.swift */; };
		930663182510F07A003F9653 /* Assets.xcassets in Resources */ = {isa = PBXBuildFile; fileRef = 930663172510F07A003F9653 /* Assets.xcassets */; };
		9306631E2510F07A003F9653 /* LaunchScreen.storyboard in Resources */ = {isa = PBXBuildFile; fileRef = 9306631C2510F07A003F9653 /* LaunchScreen.storyboard */; };
		930663292510F07A003F9653 /* ADT_InterviewTests.swift in Sources */ = {isa = PBXBuildFile; fileRef = 930663282510F07A003F9653 /* ADT_InterviewTests.swift */; };
		930663342510F42D003F9653 /* SubjectForTests.swift in Sources */ = {isa = PBXBuildFile; fileRef = 930663332510F42D003F9653 /* SubjectForTests.swift */; };
		9306633725111748003F9653 /* API.swift in Sources */ = {isa = PBXBuildFile; fileRef = 9306633625111748003F9653 /* API.swift */; };
		93BC01E825112E1400ED3350 /* API_Tests.swift in Sources */ = {isa = PBXBuildFile; fileRef = 93BC01E725112E1400ED3350 /* API_Tests.swift */; };
		93BC01EE25113DF100ED3350 /* EpisodeResults.swift in Sources */ = {isa = PBXBuildFile; fileRef = 93BC01ED25113DF100ED3350 /* EpisodeResults.swift */; };
		93BC01F025113E0800ED3350 /* Episode.swift in Sources */ = {isa = PBXBuildFile; fileRef = 93BC01EF25113E0800ED3350 /* Episode.swift */; };
		93BC01F225113E2F00ED3350 /* ResultInfo.swift in Sources */ = {isa = PBXBuildFile; fileRef = 93BC01F125113E2F00ED3350 /* ResultInfo.swift */; };
		93BC01F425113E4E00ED3350 /* Coder.swift in Sources */ = {isa = PBXBuildFile; fileRef = 93BC01F325113E4E00ED3350 /* Coder.swift */; };
		93BC01F62511400C00ED3350 /* EpisodeDetailView.swift in Sources */ = {isa = PBXBuildFile; fileRef = 93BC01F52511400C00ED3350 /* EpisodeDetailView.swift */; };
		93BC01F82511402100ED3350 /* EpisodeRowView.swift in Sources */ = {isa = PBXBuildFile; fileRef = 93BC01F72511402100ED3350 /* EpisodeRowView.swift */; };
		93BC01FB2511410900ED3350 /* EpisodeDataSource.swift in Sources */ = {isa = PBXBuildFile; fileRef = 93BC01FA2511410900ED3350 /* EpisodeDataSource.swift */; };
/* End PBXBuildFile section */

/* Begin PBXContainerItemProxy section */
		930663252510F07A003F9653 /* PBXContainerItemProxy */ = {
			isa = PBXContainerItemProxy;
			containerPortal = 930663062510F077003F9653 /* Project object */;
			proxyType = 1;
			remoteGlobalIDString = 9306630D2510F077003F9653;
			remoteInfo = ADT.Interview;
		};
/* End PBXContainerItemProxy section */

/* Begin PBXFileReference section */
		9306630E2510F077003F9653 /* ADT.Interview.app */ = {isa = PBXFileReference; explicitFileType = wrapper.application; includeInIndex = 0; path = ADT.Interview.app; sourceTree = BUILT_PRODUCTS_DIR; };
		930663112510F077003F9653 /* AppDelegate.swift */ = {isa = PBXFileReference; lastKnownFileType = sourcecode.swift; path = AppDelegate.swift; sourceTree = "<group>"; };
		930663132510F077003F9653 /* SceneDelegate.swift */ = {isa = PBXFileReference; lastKnownFileType = sourcecode.swift; path = SceneDelegate.swift; sourceTree = "<group>"; };
		930663152510F077003F9653 /* ContentView.swift */ = {isa = PBXFileReference; lastKnownFileType = sourcecode.swift; path = ContentView.swift; sourceTree = "<group>"; };
		930663172510F07A003F9653 /* Assets.xcassets */ = {isa = PBXFileReference; lastKnownFileType = folder.assetcatalog; path = Assets.xcassets; sourceTree = "<group>"; };
		9306631D2510F07A003F9653 /* Base */ = {isa = PBXFileReference; lastKnownFileType = file.storyboard; name = Base; path = Base.lproj/LaunchScreen.storyboard; sourceTree = "<group>"; };
		9306631F2510F07A003F9653 /* Info.plist */ = {isa = PBXFileReference; lastKnownFileType = text.plist.xml; path = Info.plist; sourceTree = "<group>"; };
		930663242510F07A003F9653 /* ADT.InterviewTests.xctest */ = {isa = PBXFileReference; explicitFileType = wrapper.cfbundle; includeInIndex = 0; path = ADT.InterviewTests.xctest; sourceTree = BUILT_PRODUCTS_DIR; };
		930663282510F07A003F9653 /* ADT_InterviewTests.swift */ = {isa = PBXFileReference; lastKnownFileType = sourcecode.swift; path = ADT_InterviewTests.swift; sourceTree = "<group>"; };
		9306632A2510F07A003F9653 /* Info.plist */ = {isa = PBXFileReference; lastKnownFileType = text.plist.xml; path = Info.plist; sourceTree = "<group>"; };
		930663332510F42D003F9653 /* SubjectForTests.swift */ = {isa = PBXFileReference; lastKnownFileType = sourcecode.swift; path = SubjectForTests.swift; sourceTree = "<group>"; };
		9306633625111748003F9653 /* API.swift */ = {isa = PBXFileReference; lastKnownFileType = sourcecode.swift; path = API.swift; sourceTree = "<group>"; };
		93BC01E725112E1400ED3350 /* API_Tests.swift */ = {isa = PBXFileReference; lastKnownFileType = sourcecode.swift; path = API_Tests.swift; sourceTree = "<group>"; };
		93BC01ED25113DF100ED3350 /* EpisodeResults.swift */ = {isa = PBXFileReference; lastKnownFileType = sourcecode.swift; path = EpisodeResults.swift; sourceTree = "<group>"; };
		93BC01EF25113E0800ED3350 /* Episode.swift */ = {isa = PBXFileReference; lastKnownFileType = sourcecode.swift; path = Episode.swift; sourceTree = "<group>"; };
		93BC01F125113E2F00ED3350 /* ResultInfo.swift */ = {isa = PBXFileReference; lastKnownFileType = sourcecode.swift; path = ResultInfo.swift; sourceTree = "<group>"; };
		93BC01F325113E4E00ED3350 /* Coder.swift */ = {isa = PBXFileReference; lastKnownFileType = sourcecode.swift; path = Coder.swift; sourceTree = "<group>"; };
		93BC01F52511400C00ED3350 /* EpisodeDetailView.swift */ = {isa = PBXFileReference; lastKnownFileType = sourcecode.swift; path = EpisodeDetailView.swift; sourceTree = "<group>"; };
		93BC01F72511402100ED3350 /* EpisodeRowView.swift */ = {isa = PBXFileReference; lastKnownFileType = sourcecode.swift; path = EpisodeRowView.swift; sourceTree = "<group>"; };
		93BC01FA2511410900ED3350 /* EpisodeDataSource.swift */ = {isa = PBXFileReference; lastKnownFileType = sourcecode.swift; path = EpisodeDataSource.swift; sourceTree = "<group>"; };
/* End PBXFileReference section */

/* Begin PBXFrameworksBuildPhase section */
		9306630B2510F077003F9653 /* Frameworks */ = {
			isa = PBXFrameworksBuildPhase;
			buildActionMask = 2147483647;
			files = (
			);
			runOnlyForDeploymentPostprocessing = 0;
		};
		930663212510F07A003F9653 /* Frameworks */ = {
			isa = PBXFrameworksBuildPhase;
			buildActionMask = 2147483647;
			files = (
			);
			runOnlyForDeploymentPostprocessing = 0;
		};
/* End PBXFrameworksBuildPhase section */

/* Begin PBXGroup section */
		930663052510F077003F9653 = {
			isa = PBXGroup;
			children = (
				930663102510F077003F9653 /* ADT.Interview */,
				930663272510F07A003F9653 /* ADT.InterviewTests */,
				9306630F2510F077003F9653 /* Products */,
			);
			sourceTree = "<group>";
		};
		9306630F2510F077003F9653 /* Products */ = {
			isa = PBXGroup;
			children = (
				9306630E2510F077003F9653 /* ADT.Interview.app */,
				930663242510F07A003F9653 /* ADT.InterviewTests.xctest */,
			);
			name = Products;
			sourceTree = "<group>";
		};
		930663102510F077003F9653 /* ADT.Interview */ = {
			isa = PBXGroup;
			children = (
				93BC01E925113C9900ED3350 /* _Main */,
				9306633525111733003F9653 /* API */,
				93BC01F9251140E500ED3350 /* DataSources */,
				93BC01EC25113D3F00ED3350 /* Models */,
				93BC01EA25113CA900ED3350 /* Views */,
				93BC01EB25113CD500ED3350 /* Utils */,
				930663172510F07A003F9653 /* Assets.xcassets */,
				9306631F2510F07A003F9653 /* Info.plist */,
			);
			path = ADT.Interview;
			sourceTree = "<group>";
		};
		930663272510F07A003F9653 /* ADT.InterviewTests */ = {
			isa = PBXGroup;
			children = (
				930663282510F07A003F9653 /* ADT_InterviewTests.swift */,
				9306632A2510F07A003F9653 /* Info.plist */,
				93BC01E725112E1400ED3350 /* API_Tests.swift */,
			);
			path = ADT.InterviewTests;
			sourceTree = "<group>";
		};
		9306633525111733003F9653 /* API */ = {
			isa = PBXGroup;
			children = (
				9306633625111748003F9653 /* API.swift */,
			);
			path = API;
			sourceTree = "<group>";
		};
		93BC01E925113C9900ED3350 /* _Main */ = {
			isa = PBXGroup;
			children = (
				930663112510F077003F9653 /* AppDelegate.swift */,
				9306631C2510F07A003F9653 /* LaunchScreen.storyboard */,
				930663132510F077003F9653 /* SceneDelegate.swift */,
			);
			path = _Main;
			sourceTree = "<group>";
		};
		93BC01EA25113CA900ED3350 /* Views */ = {
			isa = PBXGroup;
			children = (
				930663152510F077003F9653 /* ContentView.swift */,
				93BC01F52511400C00ED3350 /* EpisodeDetailView.swift */,
				93BC01F72511402100ED3350 /* EpisodeRowView.swift */,
			);
			path = Views;
			sourceTree = "<group>";
		};
		93BC01EB25113CD500ED3350 /* Utils */ = {
			isa = PBXGroup;
			children = (
				930663332510F42D003F9653 /* SubjectForTests.swift */,
				93BC01F325113E4E00ED3350 /* Coder.swift */,
			);
			path = Utils;
			sourceTree = "<group>";
		};
		93BC01EC25113D3F00ED3350 /* Models */ = {
			isa = PBXGroup;
			children = (
				93BC01ED25113DF100ED3350 /* EpisodeResults.swift */,
				93BC01EF25113E0800ED3350 /* Episode.swift */,
				93BC01F125113E2F00ED3350 /* ResultInfo.swift */,
			);
			path = Models;
			sourceTree = "<group>";
		};
		93BC01F9251140E500ED3350 /* DataSources */ = {
			isa = PBXGroup;
			children = (
				93BC01FA2511410900ED3350 /* EpisodeDataSource.swift */,
			);
			path = DataSources;
			sourceTree = "<group>";
		};
/* End PBXGroup section */

/* Begin PBXNativeTarget section */
		9306630D2510F077003F9653 /* ADT.Interview */ = {
			isa = PBXNativeTarget;
			buildConfigurationList = 9306632D2510F07A003F9653 /* Build configuration list for PBXNativeTarget "ADT.Interview" */;
			buildPhases = (
				9306630A2510F077003F9653 /* Sources */,
				9306630B2510F077003F9653 /* Frameworks */,
				9306630C2510F077003F9653 /* Resources */,
			);
			buildRules = (
			);
			dependencies = (
			);
			name = ADT.Interview;
			productName = ADT.Interview;
			productReference = 9306630E2510F077003F9653 /* ADT.Interview.app */;
			productType = "com.apple.product-type.application";
		};
		930663232510F07A003F9653 /* ADT.InterviewTests */ = {
			isa = PBXNativeTarget;
			buildConfigurationList = 930663302510F07A003F9653 /* Build configuration list for PBXNativeTarget "ADT.InterviewTests" */;
			buildPhases = (
				930663202510F07A003F9653 /* Sources */,
				930663212510F07A003F9653 /* Frameworks */,
				930663222510F07A003F9653 /* Resources */,
			);
			buildRules = (
			);
			dependencies = (
				930663262510F07A003F9653 /* PBXTargetDependency */,
			);
			name = ADT.InterviewTests;
			productName = ADT.InterviewTests;
			productReference = 930663242510F07A003F9653 /* ADT.InterviewTests.xctest */;
			productType = "com.apple.product-type.bundle.unit-test";
		};
/* End PBXNativeTarget section */

/* Begin PBXProject section */
		930663062510F077003F9653 /* Project object */ = {
			isa = PBXProject;
			attributes = {
				LastSwiftUpdateCheck = 1170;
				LastUpgradeCheck = 1170;
				ORGANIZATIONNAME = "Dan Giralte";
				TargetAttributes = {
					9306630D2510F077003F9653 = {
						CreatedOnToolsVersion = 11.7;
					};
					930663232510F07A003F9653 = {
						CreatedOnToolsVersion = 11.7;
						TestTargetID = 9306630D2510F077003F9653;
					};
				};
			};
			buildConfigurationList = 930663092510F077003F9653 /* Build configuration list for PBXProject "ADT.Interview" */;
			compatibilityVersion = "Xcode 9.3";
			developmentRegion = en;
			hasScannedForEncodings = 0;
			knownRegions = (
				en,
				Base,
			);
			mainGroup = 930663052510F077003F9653;
			productRefGroup = 9306630F2510F077003F9653 /* Products */;
			projectDirPath = "";
			projectRoot = "";
			targets = (
				9306630D2510F077003F9653 /* ADT.Interview */,
				930663232510F07A003F9653 /* ADT.InterviewTests */,
			);
		};
/* End PBXProject section */

/* Begin PBXResourcesBuildPhase section */
		9306630C2510F077003F9653 /* Resources */ = {
			isa = PBXResourcesBuildPhase;
			buildActionMask = 2147483647;
			files = (
				9306631E2510F07A003F9653 /* LaunchScreen.storyboard in Resources */,
				930663182510F07A003F9653 /* Assets.xcassets in Resources */,
			);
			runOnlyForDeploymentPostprocessing = 0;
		};
		930663222510F07A003F9653 /* Resources */ = {
			isa = PBXResourcesBuildPhase;
			buildActionMask = 2147483647;
			files = (
			);
			runOnlyForDeploymentPostprocessing = 0;
		};
/* End PBXResourcesBuildPhase section */

/* Begin PBXSourcesBuildPhase section */
		9306630A2510F077003F9653 /* Sources */ = {
			isa = PBXSourcesBuildPhase;
			buildActionMask = 2147483647;
			files = (
				93BC01EE25113DF100ED3350 /* EpisodeResults.swift in Sources */,
				930663122510F077003F9653 /* AppDelegate.swift in Sources */,
				93BC01FB2511410900ED3350 /* EpisodeDataSource.swift in Sources */,
				93BC01F82511402100ED3350 /* EpisodeRowView.swift in Sources */,
				93BC01F025113E0800ED3350 /* Episode.swift in Sources */,
				93BC01F62511400C00ED3350 /* EpisodeDetailView.swift in Sources */,
				930663142510F077003F9653 /* SceneDelegate.swift in Sources */,
				93BC01F425113E4E00ED3350 /* Coder.swift in Sources */,
				930663342510F42D003F9653 /* SubjectForTests.swift in Sources */,
				9306633725111748003F9653 /* API.swift in Sources */,
				93BC01F225113E2F00ED3350 /* ResultInfo.swift in Sources */,
				930663162510F077003F9653 /* ContentView.swift in Sources */,
			);
			runOnlyForDeploymentPostprocessing = 0;
		};
		930663202510F07A003F9653 /* Sources */ = {
			isa = PBXSourcesBuildPhase;
			buildActionMask = 2147483647;
			files = (
				93BC01E825112E1400ED3350 /* API_Tests.swift in Sources */,
				930663292510F07A003F9653 /* ADT_InterviewTests.swift in Sources */,
			);
			runOnlyForDeploymentPostprocessing = 0;
		};
/* End PBXSourcesBuildPhase section */

/* Begin PBXTargetDependency section */
		930663262510F07A003F9653 /* PBXTargetDependency */ = {
			isa = PBXTargetDependency;
			target = 9306630D2510F077003F9653 /* ADT.Interview */;
			targetProxy = 930663252510F07A003F9653 /* PBXContainerItemProxy */;
		};
/* End PBXTargetDependency section */

/* Begin PBXVariantGroup section */
		9306631C2510F07A003F9653 /* LaunchScreen.storyboard */ = {
			isa = PBXVariantGroup;
			children = (
				9306631D2510F07A003F9653 /* Base */,
			);
			name = LaunchScreen.storyboard;
			sourceTree = "<group>";
		};
/* End PBXVariantGroup section */

/* Begin XCBuildConfiguration section */
		9306632B2510F07A003F9653 /* Debug */ = {
			isa = XCBuildConfiguration;
			buildSettings = {
				ALWAYS_SEARCH_USER_PATHS = NO;
				CLANG_ANALYZER_NONNULL = YES;
				CLANG_ANALYZER_NUMBER_OBJECT_CONVERSION = YES_AGGRESSIVE;
				CLANG_CXX_LANGUAGE_STANDARD = "gnu++14";
				CLANG_CXX_LIBRARY = "libc++";
				CLANG_ENABLE_MODULES = YES;
				CLANG_ENABLE_OBJC_ARC = YES;
				CLANG_ENABLE_OBJC_WEAK = YES;
				CLANG_WARN_BLOCK_CAPTURE_AUTORELEASING = YES;
				CLANG_WARN_BOOL_CONVERSION = YES;
				CLANG_WARN_COMMA = YES;
				CLANG_WARN_CONSTANT_CONVERSION = YES;
				CLANG_WARN_DEPRECATED_OBJC_IMPLEMENTATIONS = YES;
				CLANG_WARN_DIRECT_OBJC_ISA_USAGE = YES_ERROR;
				CLANG_WARN_DOCUMENTATION_COMMENTS = YES;
				CLANG_WARN_EMPTY_BODY = YES;
				CLANG_WARN_ENUM_CONVERSION = YES;
				CLANG_WARN_INFINITE_RECURSION = YES;
				CLANG_WARN_INT_CONVERSION = YES;
				CLANG_WARN_NON_LITERAL_NULL_CONVERSION = YES;
				CLANG_WARN_OBJC_IMPLICIT_RETAIN_SELF = YES;
				CLANG_WARN_OBJC_LITERAL_CONVERSION = YES;
				CLANG_WARN_OBJC_ROOT_CLASS = YES_ERROR;
				CLANG_WARN_RANGE_LOOP_ANALYSIS = YES;
				CLANG_WARN_STRICT_PROTOTYPES = YES;
				CLANG_WARN_SUSPICIOUS_MOVE = YES;
				CLANG_WARN_UNGUARDED_AVAILABILITY = YES_AGGRESSIVE;
				CLANG_WARN_UNREACHABLE_CODE = YES;
				CLANG_WARN__DUPLICATE_METHOD_MATCH = YES;
				COPY_PHASE_STRIP = NO;
				DEBUG_INFORMATION_FORMAT = dwarf;
				ENABLE_STRICT_OBJC_MSGSEND = YES;
				ENABLE_TESTABILITY = YES;
				GCC_C_LANGUAGE_STANDARD = gnu11;
				GCC_DYNAMIC_NO_PIC = NO;
				GCC_NO_COMMON_BLOCKS = YES;
				GCC_OPTIMIZATION_LEVEL = 0;
				GCC_PREPROCESSOR_DEFINITIONS = (
					"DEBUG=1",
					"$(inherited)",
				);
				GCC_WARN_64_TO_32_BIT_CONVERSION = YES;
				GCC_WARN_ABOUT_RETURN_TYPE = YES_ERROR;
				GCC_WARN_UNDECLARED_SELECTOR = YES;
				GCC_WARN_UNINITIALIZED_AUTOS = YES_AGGRESSIVE;
				GCC_WARN_UNUSED_FUNCTION = YES;
				GCC_WARN_UNUSED_VARIABLE = YES;
				IPHONEOS_DEPLOYMENT_TARGET = 13.7;
				MTL_ENABLE_DEBUG_INFO = INCLUDE_SOURCE;
				MTL_FAST_MATH = YES;
				ONLY_ACTIVE_ARCH = YES;
				SDKROOT = iphoneos;
				SWIFT_ACTIVE_COMPILATION_CONDITIONS = DEBUG;
				SWIFT_OPTIMIZATION_LEVEL = "-Onone";
			};
			name = Debug;
		};
		9306632C2510F07A003F9653 /* Release */ = {
			isa = XCBuildConfiguration;
			buildSettings = {
				ALWAYS_SEARCH_USER_PATHS = NO;
				CLANG_ANALYZER_NONNULL = YES;
				CLANG_ANALYZER_NUMBER_OBJECT_CONVERSION = YES_AGGRESSIVE;
				CLANG_CXX_LANGUAGE_STANDARD = "gnu++14";
				CLANG_CXX_LIBRARY = "libc++";
				CLANG_ENABLE_MODULES = YES;
				CLANG_ENABLE_OBJC_ARC = YES;
				CLANG_ENABLE_OBJC_WEAK = YES;
				CLANG_WARN_BLOCK_CAPTURE_AUTORELEASING = YES;
				CLANG_WARN_BOOL_CONVERSION = YES;
				CLANG_WARN_COMMA = YES;
				CLANG_WARN_CONSTANT_CONVERSION = YES;
				CLANG_WARN_DEPRECATED_OBJC_IMPLEMENTATIONS = YES;
				CLANG_WARN_DIRECT_OBJC_ISA_USAGE = YES_ERROR;
				CLANG_WARN_DOCUMENTATION_COMMENTS = YES;
				CLANG_WARN_EMPTY_BODY = YES;
				CLANG_WARN_ENUM_CONVERSION = YES;
				CLANG_WARN_INFINITE_RECURSION = YES;
				CLANG_WARN_INT_CONVERSION = YES;
				CLANG_WARN_NON_LITERAL_NULL_CONVERSION = YES;
				CLANG_WARN_OBJC_IMPLICIT_RETAIN_SELF = YES;
				CLANG_WARN_OBJC_LITERAL_CONVERSION = YES;
				CLANG_WARN_OBJC_ROOT_CLASS = YES_ERROR;
				CLANG_WARN_RANGE_LOOP_ANALYSIS = YES;
				CLANG_WARN_STRICT_PROTOTYPES = YES;
				CLANG_WARN_SUSPICIOUS_MOVE = YES;
				CLANG_WARN_UNGUARDED_AVAILABILITY = YES_AGGRESSIVE;
				CLANG_WARN_UNREACHABLE_CODE = YES;
				CLANG_WARN__DUPLICATE_METHOD_MATCH = YES;
				COPY_PHASE_STRIP = NO;
				DEBUG_INFORMATION_FORMAT = "dwarf-with-dsym";
				ENABLE_NS_ASSERTIONS = NO;
				ENABLE_STRICT_OBJC_MSGSEND = YES;
				GCC_C_LANGUAGE_STANDARD = gnu11;
				GCC_NO_COMMON_BLOCKS = YES;
				GCC_WARN_64_TO_32_BIT_CONVERSION = YES;
				GCC_WARN_ABOUT_RETURN_TYPE = YES_ERROR;
				GCC_WARN_UNDECLARED_SELECTOR = YES;
				GCC_WARN_UNINITIALIZED_AUTOS = YES_AGGRESSIVE;
				GCC_WARN_UNUSED_FUNCTION = YES;
				GCC_WARN_UNUSED_VARIABLE = YES;
				IPHONEOS_DEPLOYMENT_TARGET = 13.7;
				MTL_ENABLE_DEBUG_INFO = NO;
				MTL_FAST_MATH = YES;
				SDKROOT = iphoneos;
				SWIFT_COMPILATION_MODE = wholemodule;
				SWIFT_OPTIMIZATION_LEVEL = "-O";
				VALIDATE_PRODUCT = YES;
			};
			name = Release;
		};
		9306632E2510F07A003F9653 /* Debug */ = {
			isa = XCBuildConfiguration;
			buildSettings = {
				ASSETCATALOG_COMPILER_APPICON_NAME = AppIcon;
				CODE_SIGN_STYLE = Automatic;
				DEVELOPMENT_ASSET_PATHS = "";
				DEVELOPMENT_TEAM = XUHB8U6DBH;
				ENABLE_PREVIEWS = YES;
				INFOPLIST_FILE = ADT.Interview/Info.plist;
				LD_RUNPATH_SEARCH_PATHS = (
					"$(inherited)",
					"@executable_path/Frameworks",
				);
				PRODUCT_BUNDLE_IDENTIFIER = "com.lordlobo.ADT-Interview";
				PRODUCT_NAME = "$(TARGET_NAME)";
				SWIFT_VERSION = 5.0;
				TARGETED_DEVICE_FAMILY = "1,2";
			};
			name = Debug;
		};
		9306632F2510F07A003F9653 /* Release */ = {
			isa = XCBuildConfiguration;
			buildSettings = {
				ASSETCATALOG_COMPILER_APPICON_NAME = AppIcon;
				CODE_SIGN_STYLE = Automatic;
				DEVELOPMENT_ASSET_PATHS = "";
				DEVELOPMENT_TEAM = XUHB8U6DBH;
				ENABLE_PREVIEWS = YES;
				INFOPLIST_FILE = ADT.Interview/Info.plist;
				LD_RUNPATH_SEARCH_PATHS = (
					"$(inherited)",
					"@executable_path/Frameworks",
				);
				PRODUCT_BUNDLE_IDENTIFIER = "com.lordlobo.ADT-Interview";
				PRODUCT_NAME = "$(TARGET_NAME)";
				SWIFT_VERSION = 5.0;
				TARGETED_DEVICE_FAMILY = "1,2";
			};
			name = Release;
		};
		930663312510F07A003F9653 /* Debug */ = {
			isa = XCBuildConfiguration;
			buildSettings = {
				ALWAYS_EMBED_SWIFT_STANDARD_LIBRARIES = YES;
				BUNDLE_LOADER = "$(TEST_HOST)";
				CODE_SIGN_STYLE = Automatic;
				DEVELOPMENT_TEAM = XUHB8U6DBH;
				INFOPLIST_FILE = ADT.InterviewTests/Info.plist;
				IPHONEOS_DEPLOYMENT_TARGET = 13.7;
				LD_RUNPATH_SEARCH_PATHS = (
					"$(inherited)",
					"@executable_path/Frameworks",
					"@loader_path/Frameworks",
				);
				PRODUCT_BUNDLE_IDENTIFIER = "com.lordlobo.ADT-InterviewTests";
				PRODUCT_NAME = "$(TARGET_NAME)";
				SWIFT_VERSION = 5.0;
				TARGETED_DEVICE_FAMILY = "1,2";
				TEST_HOST = "$(BUILT_PRODUCTS_DIR)/ADT.Interview.app/ADT.Interview";
			};
			name = Debug;
		};
		930663322510F07A003F9653 /* Release */ = {
			isa = XCBuildConfiguration;
			buildSettings = {
				ALWAYS_EMBED_SWIFT_STANDARD_LIBRARIES = YES;
				BUNDLE_LOADER = "$(TEST_HOST)";
				CODE_SIGN_STYLE = Automatic;
				DEVELOPMENT_TEAM = XUHB8U6DBH;
				INFOPLIST_FILE = ADT.InterviewTests/Info.plist;
				IPHONEOS_DEPLOYMENT_TARGET = 13.7;
				LD_RUNPATH_SEARCH_PATHS = (
					"$(inherited)",
					"@executable_path/Frameworks",
					"@loader_path/Frameworks",
				);
				PRODUCT_BUNDLE_IDENTIFIER = "com.lordlobo.ADT-InterviewTests";
				PRODUCT_NAME = "$(TARGET_NAME)";
				SWIFT_VERSION = 5.0;
				TARGETED_DEVICE_FAMILY = "1,2";
				TEST_HOST = "$(BUILT_PRODUCTS_DIR)/ADT.Interview.app/ADT.Interview";
			};
			name = Release;
		};
/* End XCBuildConfiguration section */

/* Begin XCConfigurationList section */
		930663092510F077003F9653 /* Build configuration list for PBXProject "ADT.Interview" */ = {
			isa = XCConfigurationList;
			buildConfigurations = (
				9306632B2510F07A003F9653 /* Debug */,
				9306632C2510F07A003F9653 /* Release */,
			);
			defaultConfigurationIsVisible = 0;
			defaultConfigurationName = Release;
		};
		9306632D2510F07A003F9653 /* Build configuration list for PBXNativeTarget "ADT.Interview" */ = {
			isa = XCConfigurationList;
			buildConfigurations = (
				9306632E2510F07A003F9653 /* Debug */,
				9306632F2510F07A003F9653 /* Release */,
			);
			defaultConfigurationIsVisible = 0;
			defaultConfigurationName = Release;
		};
		930663302510F07A003F9653 /* Build configuration list for PBXNativeTarget "ADT.InterviewTests" */ = {
			isa = XCConfigurationList;
			buildConfigurations = (
				930663312510F07A003F9653 /* Debug */,
				930663322510F07A003F9653 /* Release */,
			);
			defaultConfigurationIsVisible = 0;
			defaultConfigurationName = Release;
		};
/* End XCConfigurationList section */
	};
	rootObject = 930663062510F077003F9653 /* Project object */;
}
